
Microsoft Visual Studio Solution File, Format Version 12.00
# Visual Studio Version 17
VisualStudioVersion = 17.14.36221.1 d17.14
MinimumVisualStudioVersion = 10.0.40219.1
Project("{FAE04EC0-301F-11D3-BF4B-00C04F79EFBC}") = "Mvc_direct_table_insert", "Mvc_direct_table_insert\Mvc_direct_table_insert.csproj", "{5CB90899-E48D-48E1-9009-8F1DFC945FDA}"
EndProject
Global
	GlobalSection(SolutionConfigurationPlatforms) = preSolution
		Debug|Any CPU = Debug|Any CPU
		Release|Any CPU = Release|Any CPU
	EndGlobalSection
	GlobalSection(ProjectConfigurationPlatforms) = postSolution
		{5CB90899-E48D-48E1-9009-8F1DFC945FDA}.Debug|Any CPU.ActiveCfg = Debug|Any CPU
		{5CB90899-E48D-48E1-9009-8F1DFC945FDA}.Debug|Any CPU.Build.0 = Debug|Any CPU
		{5CB90899-E48D-48E1-9009-8F1DFC945FDA}.Release|Any CPU.ActiveCfg = Release|Any CPU
		{5CB90899-E48D-48E1-9009-8F1DFC945FDA}.Release|Any CPU.Build.0 = Release|Any CPU
	EndGlobalSection
	GlobalSection(SolutionProperties) = preSolution
		HideSolutionNode = FALSE
	EndGlobalSection
	GlobalSection(ExtensibilityGlobals) = postSolution
		SolutionGuid = {4C3E2724-475E-4377-BCB4-566ADE701970}
	EndGlobalSection
EndGlobal
